// !$*UTF8*$!
{
	archiveVersion = 1;
	classes = {
	};
	objectVersion = 50;
	objects = {

/* Begin PBXBuildFile section */
		AC4C8DD423577A4F00C14BE3 /* AppDelegate.swift in Sources */ = {isa = PBXBuildFile; fileRef = AC4C8DD323577A4F00C14BE3 /* AppDelegate.swift */; };
		AC4C8DD623577A4F00C14BE3 /* ViewController.swift in Sources */ = {isa = PBXBuildFile; fileRef = AC4C8DD523577A4F00C14BE3 /* ViewController.swift */; };
		AC4C8DD923577A4F00C14BE3 /* Main.storyboard in Resources */ = {isa = PBXBuildFile; fileRef = AC4C8DD723577A4F00C14BE3 /* Main.storyboard */; };
		AC4C8DDB23577A5400C14BE3 /* Assets.xcassets in Resources */ = {isa = PBXBuildFile; fileRef = AC4C8DDA23577A5400C14BE3 /* Assets.xcassets */; };
		AC4C8DDE23577A5400C14BE3 /* LaunchScreen.storyboard in Resources */ = {isa = PBXBuildFile; fileRef = AC4C8DDC23577A5400C14BE3 /* LaunchScreen.storyboard */; };
		AC4C8DE923577A5400C14BE3 /* WeatherApp19Tests.swift in Sources */ = {isa = PBXBuildFile; fileRef = AC4C8DE823577A5400C14BE3 /* WeatherApp19Tests.swift */; };
		AC4C8DF423577A5500C14BE3 /* WeatherApp19UITests.swift in Sources */ = {isa = PBXBuildFile; fileRef = AC4C8DF323577A5500C14BE3 /* WeatherApp19UITests.swift */; };
/* End PBXBuildFile section */

/* Begin PBXContainerItemProxy section */
		AC4C8DE523577A5400C14BE3 /* PBXContainerItemProxy */ = {
			isa = PBXContainerItemProxy;
			containerPortal = AC4C8DC823577A4F00C14BE3 /* Project object */;
			proxyType = 1;
			remoteGlobalIDString = AC4C8DCF23577A4F00C14BE3;
			remoteInfo = WeatherApp19;
		};
		AC4C8DF023577A5500C14BE3 /* PBXContainerItemProxy */ = {
			isa = PBXContainerItemProxy;
			containerPortal = AC4C8DC823577A4F00C14BE3 /* Project object */;
			proxyType = 1;
			remoteGlobalIDString = AC4C8DCF23577A4F00C14BE3;
			remoteInfo = WeatherApp19;
		};
/* End PBXContainerItemProxy section */

/* Begin PBXFileReference section */
		AC4C8DD023577A4F00C14BE3 /* WeatherApp19.app */ = {isa = PBXFileReference; explicitFileType = wrapper.application; includeInIndex = 0; path = WeatherApp19.app; sourceTree = BUILT_PRODUCTS_DIR; };
		AC4C8DD323577A4F00C14BE3 /* AppDelegate.swift */ = {isa = PBXFileReference; lastKnownFileType = sourcecode.swift; path = AppDelegate.swift; sourceTree = "<group>"; };
		AC4C8DD523577A4F00C14BE3 /* ViewController.swift */ = {isa = PBXFileReference; lastKnownFileType = sourcecode.swift; path = ViewController.swift; sourceTree = "<group>"; };
		AC4C8DD823577A4F00C14BE3 /* Base */ = {isa = PBXFileReference; lastKnownFileType = file.storyboard; name = Base; path = Base.lproj/Main.storyboard; sourceTree = "<group>"; };
		AC4C8DDA23577A5400C14BE3 /* Assets.xcassets */ = {isa = PBXFileReference; lastKnownFileType = folder.assetcatalog; path = Assets.xcassets; sourceTree = "<group>"; };
		AC4C8DDD23577A5400C14BE3 /* Base */ = {isa = PBXFileReference; lastKnownFileType = file.storyboard; name = Base; path = Base.lproj/LaunchScreen.storyboard; sourceTree = "<group>"; };
		AC4C8DDF23577A5400C14BE3 /* Info.plist */ = {isa = PBXFileReference; lastKnownFileType = text.plist.xml; path = Info.plist; sourceTree = "<group>"; };
		AC4C8DE423577A5400C14BE3 /* WeatherApp19Tests.xctest */ = {isa = PBXFileReference; explicitFileType = wrapper.cfbundle; includeInIndex = 0; path = WeatherApp19Tests.xctest; sourceTree = BUILT_PRODUCTS_DIR; };
		AC4C8DE823577A5400C14BE3 /* WeatherApp19Tests.swift */ = {isa = PBXFileReference; lastKnownFileType = sourcecode.swift; path = WeatherApp19Tests.swift; sourceTree = "<group>"; };
		AC4C8DEA23577A5400C14BE3 /* Info.plist */ = {isa = PBXFileReference; lastKnownFileType = text.plist.xml; path = Info.plist; sourceTree = "<group>"; };
		AC4C8DEF23577A5500C14BE3 /* WeatherApp19UITests.xctest */ = {isa = PBXFileReference; explicitFileType = wrapper.cfbundle; includeInIndex = 0; path = WeatherApp19UITests.xctest; sourceTree = BUILT_PRODUCTS_DIR; };
		AC4C8DF323577A5500C14BE3 /* WeatherApp19UITests.swift */ = {isa = PBXFileReference; lastKnownFileType = sourcecode.swift; path = WeatherApp19UITests.swift; sourceTree = "<group>"; };
		AC4C8DF523577A5500C14BE3 /* Info.plist */ = {isa = PBXFileReference; lastKnownFileType = text.plist.xml; path = Info.plist; sourceTree = "<group>"; };
/* End PBXFileReference section */

/* Begin PBXFrameworksBuildPhase section */
		AC4C8DCD23577A4F00C14BE3 /* Frameworks */ = {
			isa = PBXFrameworksBuildPhase;
			buildActionMask = 2147483647;
			files = (
			);
			runOnlyForDeploymentPostprocessing = 0;
		};
		AC4C8DE123577A5400C14BE3 /* Frameworks */ = {
			isa = PBXFrameworksBuildPhase;
			buildActionMask = 2147483647;
			files = (
			);
			runOnlyForDeploymentPostprocessing = 0;
		};
		AC4C8DEC23577A5500C14BE3 /* Frameworks */ = {
			isa = PBXFrameworksBuildPhase;
			buildActionMask = 2147483647;
			files = (
			);
			runOnlyForDeploymentPostprocessing = 0;
		};
/* End PBXFrameworksBuildPhase section */

/* Begin PBXGroup section */
		AC4C8DC723577A4F00C14BE3 = {
			isa = PBXGroup;
			children = (
				AC4C8DD223577A4F00C14BE3 /* WeatherApp19 */,
				AC4C8DE723577A5400C14BE3 /* WeatherApp19Tests */,
				AC4C8DF223577A5500C14BE3 /* WeatherApp19UITests */,
				AC4C8DD123577A4F00C14BE3 /* Products */,
			);
			sourceTree = "<group>";
		};
		AC4C8DD123577A4F00C14BE3 /* Products */ = {
			isa = PBXGroup;
			children = (
				AC4C8DD023577A4F00C14BE3 /* WeatherApp19.app */,
				AC4C8DE423577A5400C14BE3 /* WeatherApp19Tests.xctest */,
				AC4C8DEF23577A5500C14BE3 /* WeatherApp19UITests.xctest */,
			);
			name = Products;
			sourceTree = "<group>";
		};
		AC4C8DD223577A4F00C14BE3 /* WeatherApp19 */ = {
			isa = PBXGroup;
			children = (
				AC4C8DD323577A4F00C14BE3 /* AppDelegate.swift */,
				AC4C8DD523577A4F00C14BE3 /* ViewController.swift */,
				AC4C8DD723577A4F00C14BE3 /* Main.storyboard */,
				AC4C8DDA23577A5400C14BE3 /* Assets.xcassets */,
				AC4C8DDC23577A5400C14BE3 /* LaunchScreen.storyboard */,
				AC4C8DDF23577A5400C14BE3 /* Info.plist */,
			);
			path = WeatherApp19;
			sourceTree = "<group>";
		};
		AC4C8DE723577A5400C14BE3 /* WeatherApp19Tests */ = {
			isa = PBXGroup;
			children = (
				AC4C8DE823577A5400C14BE3 /* WeatherApp19Tests.swift */,
				AC4C8DEA23577A5400C14BE3 /* Info.plist */,
			);
			path = WeatherApp19Tests;
			sourceTree = "<group>";
		};
		AC4C8DF223577A5500C14BE3 /* WeatherApp19UITests */ = {
			isa = PBXGroup;
			children = (
				AC4C8DF323577A5500C14BE3 /* WeatherApp19UITests.swift */,
				AC4C8DF523577A5500C14BE3 /* Info.plist */,
			);
			path = WeatherApp19UITests;
			sourceTree = "<group>";
		};
/* End PBXGroup section */

/* Begin PBXNativeTarget section */
		AC4C8DCF23577A4F00C14BE3 /* WeatherApp19 */ = {
			isa = PBXNativeTarget;
			buildConfigurationList = AC4C8DF823577A5500C14BE3 /* Build configuration list for PBXNativeTarget "WeatherApp19" */;
			buildPhases = (
				AC4C8DCC23577A4F00C14BE3 /* Sources */,
				AC4C8DCD23577A4F00C14BE3 /* Frameworks */,
				AC4C8DCE23577A4F00C14BE3 /* Resources */,
			);
			buildRules = (
			);
			dependencies = (
			);
			name = WeatherApp19;
			productName = WeatherApp19;
			productReference = AC4C8DD023577A4F00C14BE3 /* WeatherApp19.app */;
			productType = "com.apple.product-type.application";
		};
		AC4C8DE323577A5400C14BE3 /* WeatherApp19Tests */ = {
			isa = PBXNativeTarget;
			buildConfigurationList = AC4C8DFB23577A5500C14BE3 /* Build configuration list for PBXNativeTarget "WeatherApp19Tests" */;
			buildPhases = (
				AC4C8DE023577A5400C14BE3 /* Sources */,
				AC4C8DE123577A5400C14BE3 /* Frameworks */,
				AC4C8DE223577A5400C14BE3 /* Resources */,
			);
			buildRules = (
			);
			dependencies = (
				AC4C8DE623577A5400C14BE3 /* PBXTargetDependency */,
			);
			name = WeatherApp19Tests;
			productName = WeatherApp19Tests;
			productReference = AC4C8DE423577A5400C14BE3 /* WeatherApp19Tests.xctest */;
			productType = "com.apple.product-type.bundle.unit-test";
		};
		AC4C8DEE23577A5500C14BE3 /* WeatherApp19UITests */ = {
			isa = PBXNativeTarget;
			buildConfigurationList = AC4C8DFE23577A5500C14BE3 /* Build configuration list for PBXNativeTarget "WeatherApp19UITests" */;
			buildPhases = (
				AC4C8DEB23577A5500C14BE3 /* Sources */,
				AC4C8DEC23577A5500C14BE3 /* Frameworks */,
				AC4C8DED23577A5500C14BE3 /* Resources */,
			);
			buildRules = (
			);
			dependencies = (
				AC4C8DF123577A5500C14BE3 /* PBXTargetDependency */,
			);
			name = WeatherApp19UITests;
			productName = WeatherApp19UITests;
			productReference = AC4C8DEF23577A5500C14BE3 /* WeatherApp19UITests.xctest */;
			productType = "com.apple.product-type.bundle.ui-testing";
		};
/* End PBXNativeTarget section */

/* Begin PBXProject section */
		AC4C8DC823577A4F00C14BE3 /* Project object */ = {
			isa = PBXProject;
			attributes = {
				LastSwiftUpdateCheck = 1000;
				LastUpgradeCheck = 1000;
				ORGANIZATIONNAME = "Guest User";
				TargetAttributes = {
					AC4C8DCF23577A4F00C14BE3 = {
						CreatedOnToolsVersion = 10.0;
					};
					AC4C8DE323577A5400C14BE3 = {
						CreatedOnToolsVersion = 10.0;
						TestTargetID = AC4C8DCF23577A4F00C14BE3;
					};
					AC4C8DEE23577A5500C14BE3 = {
						CreatedOnToolsVersion = 10.0;
						TestTargetID = AC4C8DCF23577A4F00C14BE3;
					};
				};
			};
			buildConfigurationList = AC4C8DCB23577A4F00C14BE3 /* Build configuration list for PBXProject "WeatherApp19" */;
			compatibilityVersion = "Xcode 9.3";
			developmentRegion = en;
			hasScannedForEncodings = 0;
			knownRegions = (
				en,
				Base,
			);
			mainGroup = AC4C8DC723577A4F00C14BE3;
			productRefGroup = AC4C8DD123577A4F00C14BE3 /* Products */;
			projectDirPath = "";
			projectRoot = "";
			targets = (
				AC4C8DCF23577A4F00C14BE3 /* WeatherApp19 */,
				AC4C8DE323577A5400C14BE3 /* WeatherApp19Tests */,
				AC4C8DEE23577A5500C14BE3 /* WeatherApp19UITests */,
			);
		};
/* End PBXProject section */

/* Begin PBXResourcesBuildPhase section */
		AC4C8DCE23577A4F00C14BE3 /* Resources */ = {
			isa = PBXResourcesBuildPhase;
			buildActionMask = 2147483647;
			files = (
				AC4C8DDE23577A5400C14BE3 /* LaunchScreen.storyboard in Resources */,
				AC4C8DDB23577A5400C14BE3 /* Assets.xcassets in Resources */,
				AC4C8DD923577A4F00C14BE3 /* Main.storyboard in Resources */,
			);
			runOnlyForDeploymentPostprocessing = 0;
		};
		AC4C8DE223577A5400C14BE3 /* Resources */ = {
			isa = PBXResourcesBuildPhase;
			buildActionMask = 2147483647;
			files = (
			);
			runOnlyForDeploymentPostprocessing = 0;
		};
		AC4C8DED23577A5500C14BE3 /* Resources */ = {
			isa = PBXResourcesBuildPhase;
			buildActionMask = 2147483647;
			files = (
			);
			runOnlyForDeploymentPostprocessing = 0;
		};
/* End PBXResourcesBuildPhase section */

/* Begin PBXSourcesBuildPhase section */
		AC4C8DCC23577A4F00C14BE3 /* Sources */ = {
			isa = PBXSourcesBuildPhase;
			buildActionMask = 2147483647;
			files = (
				AC4C8DD623577A4F00C14BE3 /* ViewController.swift in Sources */,
				AC4C8DD423577A4F00C14BE3 /* AppDelegate.swift in Sources */,
			);
			runOnlyForDeploymentPostprocessing = 0;
		};
		AC4C8DE023577A5400C14BE3 /* Sources */ = {
			isa = PBXSourcesBuildPhase;
			buildActionMask = 2147483647;
			files = (
				AC4C8DE923577A5400C14BE3 /* WeatherApp19Tests.swift in Sources */,
			);
			runOnlyForDeploymentPostprocessing = 0;
		};
		AC4C8DEB23577A5500C14BE3 /* Sources */ = {
			isa = PBXSourcesBuildPhase;
			buildActionMask = 2147483647;
			files = (
				AC4C8DF423577A5500C14BE3 /* WeatherApp19UITests.swift in Sources */,
			);
			runOnlyForDeploymentPostprocessing = 0;
		};
/* End PBXSourcesBuildPhase section */

/* Begin PBXTargetDependency section */
		AC4C8DE623577A5400C14BE3 /* PBXTargetDependency */ = {
			isa = PBXTargetDependency;
			target = AC4C8DCF23577A4F00C14BE3 /* WeatherApp19 */;
			targetProxy = AC4C8DE523577A5400C14BE3 /* PBXContainerItemProxy */;
		};
		AC4C8DF123577A5500C14BE3 /* PBXTargetDependency */ = {
			isa = PBXTargetDependency;
			target = AC4C8DCF23577A4F00C14BE3 /* WeatherApp19 */;
			targetProxy = AC4C8DF023577A5500C14BE3 /* PBXContainerItemProxy */;
		};
/* End PBXTargetDependency section */

/* Begin PBXVariantGroup section */
		AC4C8DD723577A4F00C14BE3 /* Main.storyboard */ = {
			isa = PBXVariantGroup;
			children = (
				AC4C8DD823577A4F00C14BE3 /* Base */,
			);
			name = Main.storyboard;
			sourceTree = "<group>";
		};
		AC4C8DDC23577A5400C14BE3 /* LaunchScreen.storyboard */ = {
			isa = PBXVariantGroup;
			children = (
				AC4C8DDD23577A5400C14BE3 /* Base */,
			);
			name = LaunchScreen.storyboard;
			sourceTree = "<group>";
		};
/* End PBXVariantGroup section */

/* Begin XCBuildConfiguration section */
		AC4C8DF623577A5500C14BE3 /* Debug */ = {
			isa = XCBuildConfiguration;
			buildSettings = {
				ALWAYS_SEARCH_USER_PATHS = NO;
				CLANG_ANALYZER_NONNULL = YES;
				CLANG_ANALYZER_NUMBER_OBJECT_CONVERSION = YES_AGGRESSIVE;
				CLANG_CXX_LANGUAGE_STANDARD = "gnu++14";
				CLANG_CXX_LIBRARY = "libc++";
				CLANG_ENABLE_MODULES = YES;
				CLANG_ENABLE_OBJC_ARC = YES;
				CLANG_ENABLE_OBJC_WEAK = YES;
				CLANG_WARN_BLOCK_CAPTURE_AUTORELEASING = YES;
				CLANG_WARN_BOOL_CONVERSION = YES;
				CLANG_WARN_COMMA = YES;
				CLANG_WARN_CONSTANT_CONVERSION = YES;
				CLANG_WARN_DEPRECATED_OBJC_IMPLEMENTATIONS = YES;
				CLANG_WARN_DIRECT_OBJC_ISA_USAGE = YES_ERROR;
				CLANG_WARN_DOCUMENTATION_COMMENTS = YES;
				CLANG_WARN_EMPTY_BODY = YES;
				CLANG_WARN_ENUM_CONVERSION = YES;
				CLANG_WARN_INFINITE_RECURSION = YES;
				CLANG_WARN_INT_CONVERSION = YES;
				CLANG_WARN_NON_LITERAL_NULL_CONVERSION = YES;
				CLANG_WARN_OBJC_IMPLICIT_RETAIN_SELF = YES;
				CLANG_WARN_OBJC_LITERAL_CONVERSION = YES;
				CLANG_WARN_OBJC_ROOT_CLASS = YES_ERROR;
				CLANG_WARN_RANGE_LOOP_ANALYSIS = YES;
				CLANG_WARN_STRICT_PROTOTYPES = YES;
				CLANG_WARN_SUSPICIOUS_MOVE = YES;
				CLANG_WARN_UNGUARDED_AVAILABILITY = YES_AGGRESSIVE;
				CLANG_WARN_UNREACHABLE_CODE = YES;
				CLANG_WARN__DUPLICATE_METHOD_MATCH = YES;
				CODE_SIGN_IDENTITY = "iPhone Developer";
				COPY_PHASE_STRIP = NO;
				DEBUG_INFORMATION_FORMAT = dwarf;
				ENABLE_STRICT_OBJC_MSGSEND = YES;
				ENABLE_TESTABILITY = YES;
				GCC_C_LANGUAGE_STANDARD = gnu11;
				GCC_DYNAMIC_NO_PIC = NO;
				GCC_NO_COMMON_BLOCKS = YES;
				GCC_OPTIMIZATION_LEVEL = 0;
				GCC_PREPROCESSOR_DEFINITIONS = (
					"DEBUG=1",
					"$(inherited)",
				);
				GCC_WARN_64_TO_32_BIT_CONVERSION = YES;
				GCC_WARN_ABOUT_RETURN_TYPE = YES_ERROR;
				GCC_WARN_UNDECLARED_SELECTOR = YES;
				GCC_WARN_UNINITIALIZED_AUTOS = YES_AGGRESSIVE;
				GCC_WARN_UNUSED_FUNCTION = YES;
				GCC_WARN_UNUSED_VARIABLE = YES;
				IPHONEOS_DEPLOYMENT_TARGET = 12.0;
				MTL_ENABLE_DEBUG_INFO = INCLUDE_SOURCE;
				MTL_FAST_MATH = YES;
				ONLY_ACTIVE_ARCH = YES;
				SDKROOT = iphoneos;
				SWIFT_ACTIVE_COMPILATION_CONDITIONS = DEBUG;
				SWIFT_OPTIMIZATION_LEVEL = "-Onone";
			};
			name = Debug;
		};
		AC4C8DF723577A5500C14BE3 /* Release */ = {
			isa = XCBuildConfiguration;
			buildSettings = {
				ALWAYS_SEARCH_USER_PATHS = NO;
				CLANG_ANALYZER_NONNULL = YES;
				CLANG_ANALYZER_NUMBER_OBJECT_CONVERSION = YES_AGGRESSIVE;
				CLANG_CXX_LANGUAGE_STANDARD = "gnu++14";
				CLANG_CXX_LIBRARY = "libc++";
				CLANG_ENABLE_MODULES = YES;
				CLANG_ENABLE_OBJC_ARC = YES;
				CLANG_ENABLE_OBJC_WEAK = YES;
				CLANG_WARN_BLOCK_CAPTURE_AUTORELEASING = YES;
				CLANG_WARN_BOOL_CONVERSION = YES;
				CLANG_WARN_COMMA = YES;
				CLANG_WARN_CONSTANT_CONVERSION = YES;
				CLANG_WARN_DEPRECATED_OBJC_IMPLEMENTATIONS = YES;
				CLANG_WARN_DIRECT_OBJC_ISA_USAGE = YES_ERROR;
				CLANG_WARN_DOCUMENTATION_COMMENTS = YES;
				CLANG_WARN_EMPTY_BODY = YES;
				CLANG_WARN_ENUM_CONVERSION = YES;
				CLANG_WARN_INFINITE_RECURSION = YES;
				CLANG_WARN_INT_CONVERSION = YES;
				CLANG_WARN_NON_LITERAL_NULL_CONVERSION = YES;
				CLANG_WARN_OBJC_IMPLICIT_RETAIN_SELF = YES;
				CLANG_WARN_OBJC_LITERAL_CONVERSION = YES;
				CLANG_WARN_OBJC_ROOT_CLASS = YES_ERROR;
				CLANG_WARN_RANGE_LOOP_ANALYSIS = YES;
				CLANG_WARN_STRICT_PROTOTYPES = YES;
				CLANG_WARN_SUSPICIOUS_MOVE = YES;
				CLANG_WARN_UNGUARDED_AVAILABILITY = YES_AGGRESSIVE;
				CLANG_WARN_UNREACHABLE_CODE = YES;
				CLANG_WARN__DUPLICATE_METHOD_MATCH = YES;
				CODE_SIGN_IDENTITY = "iPhone Developer";
				COPY_PHASE_STRIP = NO;
				DEBUG_INFORMATION_FORMAT = "dwarf-with-dsym";
				ENABLE_NS_ASSERTIONS = NO;
				ENABLE_STRICT_OBJC_MSGSEND = YES;
				GCC_C_LANGUAGE_STANDARD = gnu11;
				GCC_NO_COMMON_BLOCKS = YES;
				GCC_WARN_64_TO_32_BIT_CONVERSION = YES;
				GCC_WARN_ABOUT_RETURN_TYPE = YES_ERROR;
				GCC_WARN_UNDECLARED_SELECTOR = YES;
				GCC_WARN_UNINITIALIZED_AUTOS = YES_AGGRESSIVE;
				GCC_WARN_UNUSED_FUNCTION = YES;
				GCC_WARN_UNUSED_VARIABLE = YES;
				IPHONEOS_DEPLOYMENT_TARGET = 12.0;
				MTL_ENABLE_DEBUG_INFO = NO;
				MTL_FAST_MATH = YES;
				SDKROOT = iphoneos;
				SWIFT_COMPILATION_MODE = wholemodule;
				SWIFT_OPTIMIZATION_LEVEL = "-O";
				VALIDATE_PRODUCT = YES;
			};
			name = Release;
		};
		AC4C8DF923577A5500C14BE3 /* Debug */ = {
			isa = XCBuildConfiguration;
			buildSettings = {
				ASSETCATALOG_COMPILER_APPICON_NAME = AppIcon;
				CODE_SIGN_STYLE = Automatic;
				INFOPLIST_FILE = WeatherApp19/Info.plist;
				LD_RUNPATH_SEARCH_PATHS = (
					"$(inherited)",
					"@executable_path/Frameworks",
				);
				PRODUCT_BUNDLE_IDENTIFIER = com.weatherapp.WeatherApp19;
				PRODUCT_NAME = "$(TARGET_NAME)";
				SWIFT_VERSION = 4.2;
				TARGETED_DEVICE_FAMILY = "1,2";
			};
			name = Debug;
		};
		AC4C8DFA23577A5500C14BE3 /* Release */ = {
			isa = XCBuildConfiguration;
			buildSettings = {
				ASSETCATALOG_COMPILER_APPICON_NAME = AppIcon;
				CODE_SIGN_STYLE = Automatic;
				INFOPLIST_FILE = WeatherApp19/Info.plist;
				LD_RUNPATH_SEARCH_PATHS = (
					"$(inherited)",
					"@executable_path/Frameworks",
				);
				PRODUCT_BUNDLE_IDENTIFIER = com.weatherapp.WeatherApp19;
				PRODUCT_NAME = "$(TARGET_NAME)";
				SWIFT_VERSION = 4.2;
				TARGETED_DEVICE_FAMILY = "1,2";
			};
			name = Release;
		};
		AC4C8DFC23577A5500C14BE3 /* Debug */ = {
			isa = XCBuildConfiguration;
			buildSettings = {
				ALWAYS_EMBED_SWIFT_STANDARD_LIBRARIES = YES;
				BUNDLE_LOADER = "$(TEST_HOST)";
				CODE_SIGN_STYLE = Automatic;
				INFOPLIST_FILE = WeatherApp19Tests/Info.plist;
				LD_RUNPATH_SEARCH_PATHS = (
					"$(inherited)",
					"@executable_path/Frameworks",
					"@loader_path/Frameworks",
				);
				PRODUCT_BUNDLE_IDENTIFIER = com.weatherapp.WeatherApp19Tests;
				PRODUCT_NAME = "$(TARGET_NAME)";
				SWIFT_VERSION = 4.2;
				TARGETED_DEVICE_FAMILY = "1,2";
				TEST_HOST = "$(BUILT_PRODUCTS_DIR)/WeatherApp19.app/WeatherApp19";
			};
			name = Debug;
		};
		AC4C8DFD23577A5500C14BE3 /* Release */ = {
			isa = XCBuildConfiguration;
			buildSettings = {
				ALWAYS_EMBED_SWIFT_STANDARD_LIBRARIES = YES;
				BUNDLE_LOADER = "$(TEST_HOST)";
				CODE_SIGN_STYLE = Automatic;
				INFOPLIST_FILE = WeatherApp19Tests/Info.plist;
				LD_RUNPATH_SEARCH_PATHS = (
					"$(inherited)",
					"@executable_path/Frameworks",
					"@loader_path/Frameworks",
				);
				PRODUCT_BUNDLE_IDENTIFIER = com.weatherapp.WeatherApp19Tests;
				PRODUCT_NAME = "$(TARGET_NAME)";
				SWIFT_VERSION = 4.2;
				TARGETED_DEVICE_FAMILY = "1,2";
				TEST_HOST = "$(BUILT_PRODUCTS_DIR)/WeatherApp19.app/WeatherApp19";
			};
			name = Release;
		};
		AC4C8DFF23577A5500C14BE3 /* Debug */ = {
			isa = XCBuildConfiguration;
			buildSettings = {
				ALWAYS_EMBED_SWIFT_STANDARD_LIBRARIES = YES;
				CODE_SIGN_STYLE = Automatic;
				INFOPLIST_FILE = WeatherApp19UITests/Info.plist;
				LD_RUNPATH_SEARCH_PATHS = (
					"$(inherited)",
					"@executable_path/Frameworks",
					"@loader_path/Frameworks",
				);
				PRODUCT_BUNDLE_IDENTIFIER = com.weatherapp.WeatherApp19UITests;
				PRODUCT_NAME = "$(TARGET_NAME)";
				SWIFT_VERSION = 4.2;
				TARGETED_DEVICE_FAMILY = "1,2";
				TEST_TARGET_NAME = WeatherApp19;
			};
			name = Debug;
		};
		AC4C8E0023577A5500C14BE3 /* Release */ = {
			isa = XCBuildConfiguration;
			buildSettings = {
				ALWAYS_EMBED_SWIFT_STANDARD_LIBRARIES = YES;
				CODE_SIGN_STYLE = Automatic;
				INFOPLIST_FILE = WeatherApp19UITests/Info.plist;
				LD_RUNPATH_SEARCH_PATHS = (
					"$(inherited)",
					"@executable_path/Frameworks",
					"@loader_path/Frameworks",
				);
				PRODUCT_BUNDLE_IDENTIFIER = com.weatherapp.WeatherApp19UITests;
				PRODUCT_NAME = "$(TARGET_NAME)";
				SWIFT_VERSION = 4.2;
				TARGETED_DEVICE_FAMILY = "1,2";
				TEST_TARGET_NAME = WeatherApp19;
			};
			name = Release;
		};
/* End XCBuildConfiguration section */

/* Begin XCConfigurationList section */
		AC4C8DCB23577A4F00C14BE3 /* Build configuration list for PBXProject "WeatherApp19" */ = {
			isa = XCConfigurationList;
			buildConfigurations = (
				AC4C8DF623577A5500C14BE3 /* Debug */,
				AC4C8DF723577A5500C14BE3 /* Release */,
			);
			defaultConfigurationIsVisible = 0;
			defaultConfigurationName = Release;
		};
		AC4C8DF823577A5500C14BE3 /* Build configuration list for PBXNativeTarget "WeatherApp19" */ = {
			isa = XCConfigurationList;
			buildConfigurations = (
				AC4C8DF923577A5500C14BE3 /* Debug */,
				AC4C8DFA23577A5500C14BE3 /* Release */,
			);
			defaultConfigurationIsVisible = 0;
			defaultConfigurationName = Release;
		};
		AC4C8DFB23577A5500C14BE3 /* Build configuration list for PBXNativeTarget "WeatherApp19Tests" */ = {
			isa = XCConfigurationList;
			buildConfigurations = (
				AC4C8DFC23577A5500C14BE3 /* Debug */,
				AC4C8DFD23577A5500C14BE3 /* Release */,
			);
			defaultConfigurationIsVisible = 0;
			defaultConfigurationName = Release;
		};
		AC4C8DFE23577A5500C14BE3 /* Build configuration list for PBXNativeTarget "WeatherApp19UITests" */ = {
			isa = XCConfigurationList;
			buildConfigurations = (
				AC4C8DFF23577A5500C14BE3 /* Debug */,
				AC4C8E0023577A5500C14BE3 /* Release */,
			);
			defaultConfigurationIsVisible = 0;
			defaultConfigurationName = Release;
		};
/* End XCConfigurationList section */
	};
	rootObject = AC4C8DC823577A4F00C14BE3 /* Project object */;
}
